
Microsoft Visual Studio Solution File, Format Version 12.00
# Visual Studio 15
VisualStudioVersion = 15.0.26124.0
MinimumVisualStudioVersion = 15.0.26124.0
Project("{9A19103F-16F7-4668-BE54-9A1E7A4F7556}") = "Pentagon.Extensions.Startup", "src\Pentagon.Extensions.Startup\Pentagon.Extensions.Startup.csproj", "{128FC14A-1981-4C76-8F18-30C49916219A}"
EndProject
Project("{9A19103F-16F7-4668-BE54-9A1E7A4F7556}") = "Pentagon.Extensions.Startup.Cli", "src\Pentagon.Extensions.Startup.Cli\Pentagon.Extensions.Startup.Cli.csproj", "{BEA506A1-F0D8-46CB-A967-215A1B716206}"
EndProject
Global
	GlobalSection(SolutionConfigurationPlatforms) = preSolution
		Debug|Any CPU = Debug|Any CPU
		Debug|x64 = Debug|x64
		Debug|x86 = Debug|x86
		Release|Any CPU = Release|Any CPU
		Release|x64 = Release|x64
		Release|x86 = Release|x86
	EndGlobalSection
	GlobalSection(ProjectConfigurationPlatforms) = postSolution
		{128FC14A-1981-4C76-8F18-30C49916219A}.Debug|Any CPU.ActiveCfg = Debug|Any CPU
		{128FC14A-1981-4C76-8F18-30C49916219A}.Debug|Any CPU.Build.0 = Debug|Any CPU
		{128FC14A-1981-4C76-8F18-30C49916219A}.Debug|x64.ActiveCfg = Debug|Any CPU
		{128FC14A-1981-4C76-8F18-30C49916219A}.Debug|x64.Build.0 = Debug|Any CPU
		{128FC14A-1981-4C76-8F18-30C49916219A}.Debug|x86.ActiveCfg = Debug|Any CPU
		{128FC14A-1981-4C76-8F18-30C49916219A}.Debug|x86.Build.0 = Debug|Any CPU
		{128FC14A-1981-4C76-8F18-30C49916219A}.Release|Any CPU.ActiveCfg = Release|Any CPU
		{128FC14A-1981-4C76-8F18-30C49916219A}.Release|Any CPU.Build.0 = Release|Any CPU
		{128FC14A-1981-4C76-8F18-30C49916219A}.Release|x64.ActiveCfg = Release|Any CPU
		{128FC14A-1981-4C76-8F18-30C49916219A}.Release|x64.Build.0 = Release|Any CPU
		{128FC14A-1981-4C76-8F18-30C49916219A}.Release|x86.ActiveCfg = Release|Any CPU
		{128FC14A-1981-4C76-8F18-30C49916219A}.Release|x86.Build.0 = Release|Any CPU
		{BEA506A1-F0D8-46CB-A967-215A1B716206}.Debug|Any CPU.ActiveCfg = Debug|Any CPU
		{BEA506A1-F0D8-46CB-A967-215A1B716206}.Debug|Any CPU.Build.0 = Debug|Any CPU
		{BEA506A1-F0D8-46CB-A967-215A1B716206}.Debug|x64.ActiveCfg = Debug|Any CPU
		{BEA506A1-F0D8-46CB-A967-215A1B716206}.Debug|x64.Build.0 = Debug|Any CPU
		{BEA506A1-F0D8-46CB-A967-215A1B716206}.Debug|x86.ActiveCfg = Debug|Any CPU
		{BEA506A1-F0D8-46CB-A967-215A1B716206}.Debug|x86.Build.0 = Debug|Any CPU
		{BEA506A1-F0D8-46CB-A967-215A1B716206}.Release|Any CPU.ActiveCfg = Release|Any CPU
		{BEA506A1-F0D8-46CB-A967-215A1B716206}.Release|Any CPU.Build.0 = Release|Any CPU
		{BEA506A1-F0D8-46CB-A967-215A1B716206}.Release|x64.ActiveCfg = Release|Any CPU
		{BEA506A1-F0D8-46CB-A967-215A1B716206}.Release|x64.Build.0 = Release|Any CPU
		{BEA506A1-F0D8-46CB-A967-215A1B716206}.Release|x86.ActiveCfg = Release|Any CPU
		{BEA506A1-F0D8-46CB-A967-215A1B716206}.Release|x86.Build.0 = Release|Any CPU
	EndGlobalSection
	GlobalSection(SolutionProperties) = preSolution
		HideSolutionNode = FALSE
	EndGlobalSection
	GlobalSection(ExtensibilityGlobals) = postSolution
		SolutionGuid = {7094F773-401B-4CB8-BE5C-A7A82E0F78FE}
	EndGlobalSection
EndGlobal
