
Microsoft Visual Studio Solution File, Format Version 12.00
# Visual Studio Version 16
VisualStudioVersion = 16.0.28803.156
MinimumVisualStudioVersion = 15.0.26124.0
Project("{9A19103F-16F7-4668-BE54-9A1E7A4F7556}") = "Pentagon.Extensions.Startup", "src\Pentagon.Extensions.Startup\Pentagon.Extensions.Startup.csproj", "{128FC14A-1981-4C76-8F18-30C49916219A}"
EndProject
Project("{9A19103F-16F7-4668-BE54-9A1E7A4F7556}") = "Pentagon.Extensions.Startup.Cli", "src\Pentagon.Extensions.Startup.Cli\Pentagon.Extensions.Startup.Cli.csproj", "{BEA506A1-F0D8-46CB-A967-215A1B716206}"
EndProject
Project("{2150E333-8FDC-42A3-9474-1A3956D46DE8}") = "Tests", "Tests", "{A864EF07-C624-4B7C-840E-228C60DFDFFF}"
EndProject
Project("{9A19103F-16F7-4668-BE54-9A1E7A4F7556}") = "Pentagon.Extensions.Startup.Tests", "test\Pentagon.Extensions.Startup.Tests\Pentagon.Extensions.Startup.Tests.csproj", "{7A1CAF10-C5EC-4FE3-9DC4-ED26504FA86D}"
EndProject
Project("{9A19103F-16F7-4668-BE54-9A1E7A4F7556}") = "Pentagon.Extensions.Startup.CLI.TestApp", "test\Pentagon.Extensions.Startup.CLI.TestApp\Pentagon.Extensions.Startup.CLI.TestApp.csproj", "{02C89CA0-1645-4B1D-99D6-FC1547E7CDBB}"
EndProject
Project("{FAE04EC0-301F-11D3-BF4B-00C04F79EFBC}") = "Pentagon.Extensions.Startup.Wpf", "src\Pentagon.Extensions.Startup.Wpf\Pentagon.Extensions.Startup.Wpf.csproj", "{1701DC85-1CA5-43D9-8C58-ED3C41557C83}"
EndProject
Global
	GlobalSection(SolutionConfigurationPlatforms) = preSolution
		Debug|Any CPU = Debug|Any CPU
		Debug|x64 = Debug|x64
		Debug|x86 = Debug|x86
		Release|Any CPU = Release|Any CPU
		Release|x64 = Release|x64
		Release|x86 = Release|x86
	EndGlobalSection
	GlobalSection(ProjectConfigurationPlatforms) = postSolution
		{128FC14A-1981-4C76-8F18-30C49916219A}.Debug|Any CPU.ActiveCfg = Debug|Any CPU
		{128FC14A-1981-4C76-8F18-30C49916219A}.Debug|Any CPU.Build.0 = Debug|Any CPU
		{128FC14A-1981-4C76-8F18-30C49916219A}.Debug|x64.ActiveCfg = Debug|Any CPU
		{128FC14A-1981-4C76-8F18-30C49916219A}.Debug|x64.Build.0 = Debug|Any CPU
		{128FC14A-1981-4C76-8F18-30C49916219A}.Debug|x86.ActiveCfg = Debug|Any CPU
		{128FC14A-1981-4C76-8F18-30C49916219A}.Debug|x86.Build.0 = Debug|Any CPU
		{128FC14A-1981-4C76-8F18-30C49916219A}.Release|Any CPU.ActiveCfg = Release|Any CPU
		{128FC14A-1981-4C76-8F18-30C49916219A}.Release|Any CPU.Build.0 = Release|Any CPU
		{128FC14A-1981-4C76-8F18-30C49916219A}.Release|x64.ActiveCfg = Release|Any CPU
		{128FC14A-1981-4C76-8F18-30C49916219A}.Release|x64.Build.0 = Release|Any CPU
		{128FC14A-1981-4C76-8F18-30C49916219A}.Release|x86.ActiveCfg = Release|Any CPU
		{128FC14A-1981-4C76-8F18-30C49916219A}.Release|x86.Build.0 = Release|Any CPU
		{BEA506A1-F0D8-46CB-A967-215A1B716206}.Debug|Any CPU.ActiveCfg = Debug|Any CPU
		{BEA506A1-F0D8-46CB-A967-215A1B716206}.Debug|Any CPU.Build.0 = Debug|Any CPU
		{BEA506A1-F0D8-46CB-A967-215A1B716206}.Debug|x64.ActiveCfg = Debug|Any CPU
		{BEA506A1-F0D8-46CB-A967-215A1B716206}.Debug|x64.Build.0 = Debug|Any CPU
		{BEA506A1-F0D8-46CB-A967-215A1B716206}.Debug|x86.ActiveCfg = Debug|Any CPU
		{BEA506A1-F0D8-46CB-A967-215A1B716206}.Debug|x86.Build.0 = Debug|Any CPU
		{BEA506A1-F0D8-46CB-A967-215A1B716206}.Release|Any CPU.ActiveCfg = Release|Any CPU
		{BEA506A1-F0D8-46CB-A967-215A1B716206}.Release|Any CPU.Build.0 = Release|Any CPU
		{BEA506A1-F0D8-46CB-A967-215A1B716206}.Release|x64.ActiveCfg = Release|Any CPU
		{BEA506A1-F0D8-46CB-A967-215A1B716206}.Release|x64.Build.0 = Release|Any CPU
		{BEA506A1-F0D8-46CB-A967-215A1B716206}.Release|x86.ActiveCfg = Release|Any CPU
		{BEA506A1-F0D8-46CB-A967-215A1B716206}.Release|x86.Build.0 = Release|Any CPU
		{7A1CAF10-C5EC-4FE3-9DC4-ED26504FA86D}.Debug|Any CPU.ActiveCfg = Debug|Any CPU
		{7A1CAF10-C5EC-4FE3-9DC4-ED26504FA86D}.Debug|Any CPU.Build.0 = Debug|Any CPU
		{7A1CAF10-C5EC-4FE3-9DC4-ED26504FA86D}.Debug|x64.ActiveCfg = Debug|Any CPU
		{7A1CAF10-C5EC-4FE3-9DC4-ED26504FA86D}.Debug|x64.Build.0 = Debug|Any CPU
		{7A1CAF10-C5EC-4FE3-9DC4-ED26504FA86D}.Debug|x86.ActiveCfg = Debug|Any CPU
		{7A1CAF10-C5EC-4FE3-9DC4-ED26504FA86D}.Debug|x86.Build.0 = Debug|Any CPU
		{7A1CAF10-C5EC-4FE3-9DC4-ED26504FA86D}.Release|Any CPU.ActiveCfg = Release|Any CPU
		{7A1CAF10-C5EC-4FE3-9DC4-ED26504FA86D}.Release|Any CPU.Build.0 = Release|Any CPU
		{7A1CAF10-C5EC-4FE3-9DC4-ED26504FA86D}.Release|x64.ActiveCfg = Release|Any CPU
		{7A1CAF10-C5EC-4FE3-9DC4-ED26504FA86D}.Release|x64.Build.0 = Release|Any CPU
		{7A1CAF10-C5EC-4FE3-9DC4-ED26504FA86D}.Release|x86.ActiveCfg = Release|Any CPU
		{7A1CAF10-C5EC-4FE3-9DC4-ED26504FA86D}.Release|x86.Build.0 = Release|Any CPU
		{02C89CA0-1645-4B1D-99D6-FC1547E7CDBB}.Debug|Any CPU.ActiveCfg = Debug|Any CPU
		{02C89CA0-1645-4B1D-99D6-FC1547E7CDBB}.Debug|Any CPU.Build.0 = Debug|Any CPU
		{02C89CA0-1645-4B1D-99D6-FC1547E7CDBB}.Debug|x64.ActiveCfg = Debug|Any CPU
		{02C89CA0-1645-4B1D-99D6-FC1547E7CDBB}.Debug|x64.Build.0 = Debug|Any CPU
		{02C89CA0-1645-4B1D-99D6-FC1547E7CDBB}.Debug|x86.ActiveCfg = Debug|Any CPU
		{02C89CA0-1645-4B1D-99D6-FC1547E7CDBB}.Debug|x86.Build.0 = Debug|Any CPU
		{02C89CA0-1645-4B1D-99D6-FC1547E7CDBB}.Release|Any CPU.ActiveCfg = Release|Any CPU
		{02C89CA0-1645-4B1D-99D6-FC1547E7CDBB}.Release|Any CPU.Build.0 = Release|Any CPU
		{02C89CA0-1645-4B1D-99D6-FC1547E7CDBB}.Release|x64.ActiveCfg = Release|Any CPU
		{02C89CA0-1645-4B1D-99D6-FC1547E7CDBB}.Release|x64.Build.0 = Release|Any CPU
		{02C89CA0-1645-4B1D-99D6-FC1547E7CDBB}.Release|x86.ActiveCfg = Release|Any CPU
		{02C89CA0-1645-4B1D-99D6-FC1547E7CDBB}.Release|x86.Build.0 = Release|Any CPU
		{1701DC85-1CA5-43D9-8C58-ED3C41557C83}.Debug|Any CPU.ActiveCfg = Debug|Any CPU
		{1701DC85-1CA5-43D9-8C58-ED3C41557C83}.Debug|Any CPU.Build.0 = Debug|Any CPU
		{1701DC85-1CA5-43D9-8C58-ED3C41557C83}.Debug|x64.ActiveCfg = Debug|Any CPU
		{1701DC85-1CA5-43D9-8C58-ED3C41557C83}.Debug|x64.Build.0 = Debug|Any CPU
		{1701DC85-1CA5-43D9-8C58-ED3C41557C83}.Debug|x86.ActiveCfg = Debug|Any CPU
		{1701DC85-1CA5-43D9-8C58-ED3C41557C83}.Debug|x86.Build.0 = Debug|Any CPU
		{1701DC85-1CA5-43D9-8C58-ED3C41557C83}.Release|Any CPU.ActiveCfg = Release|Any CPU
		{1701DC85-1CA5-43D9-8C58-ED3C41557C83}.Release|Any CPU.Build.0 = Release|Any CPU
		{1701DC85-1CA5-43D9-8C58-ED3C41557C83}.Release|x64.ActiveCfg = Release|Any CPU
		{1701DC85-1CA5-43D9-8C58-ED3C41557C83}.Release|x64.Build.0 = Release|Any CPU
		{1701DC85-1CA5-43D9-8C58-ED3C41557C83}.Release|x86.ActiveCfg = Release|Any CPU
		{1701DC85-1CA5-43D9-8C58-ED3C41557C83}.Release|x86.Build.0 = Release|Any CPU
	EndGlobalSection
	GlobalSection(SolutionProperties) = preSolution
		HideSolutionNode = FALSE
	EndGlobalSection
	GlobalSection(NestedProjects) = preSolution
		{7A1CAF10-C5EC-4FE3-9DC4-ED26504FA86D} = {A864EF07-C624-4B7C-840E-228C60DFDFFF}
		{02C89CA0-1645-4B1D-99D6-FC1547E7CDBB} = {A864EF07-C624-4B7C-840E-228C60DFDFFF}
	EndGlobalSection
	GlobalSection(ExtensibilityGlobals) = postSolution
		SolutionGuid = {7094F773-401B-4CB8-BE5C-A7A82E0F78FE}
	EndGlobalSection
EndGlobal
